
Microsoft Visual Studio Solution File, Format Version 12.00
# Visual Studio Version 17
VisualStudioVersion = 17.14.36616.10
MinimumVisualStudioVersion = 10.0.40219.1
Project("{FAE04EC0-301F-11D3-BF4B-00C04F79EFBC}") = "Lab03Bai03", "Lab03Bai03.csproj", "{76469DFF-630B-44B1-8B54-143D4587CDD1}"
EndProject
Project("{FAE04EC0-301F-11D3-BF4B-00C04F79EFBC}") = "Lab03Bai04", "..\Lab03Bai04\Lab03Bai04.csproj", "{115EE7D9-4FED-427A-9FFE-A36D91F2E33C}"
EndProject
Global
	GlobalSection(SolutionConfigurationPlatforms) = preSolution
		Debug|Any CPU = Debug|Any CPU
		Release|Any CPU = Release|Any CPU
	EndGlobalSection
	GlobalSection(ProjectConfigurationPlatforms) = postSolution
		{76469DFF-630B-44B1-8B54-143D4587CDD1}.Debug|Any CPU.ActiveCfg = Debug|Any CPU
		{76469DFF-630B-44B1-8B54-143D4587CDD1}.Debug|Any CPU.Build.0 = Debug|Any CPU
		{76469DFF-630B-44B1-8B54-143D4587CDD1}.Release|Any CPU.ActiveCfg = Release|Any CPU
		{76469DFF-630B-44B1-8B54-143D4587CDD1}.Release|Any CPU.Build.0 = Release|Any CPU
		{115EE7D9-4FED-427A-9FFE-A36D91F2E33C}.Debug|Any CPU.ActiveCfg = Debug|Any CPU
		{115EE7D9-4FED-427A-9FFE-A36D91F2E33C}.Debug|Any CPU.Build.0 = Debug|Any CPU
		{115EE7D9-4FED-427A-9FFE-A36D91F2E33C}.Release|Any CPU.ActiveCfg = Release|Any CPU
		{115EE7D9-4FED-427A-9FFE-A36D91F2E33C}.Release|Any CPU.Build.0 = Release|Any CPU
	EndGlobalSection
	GlobalSection(SolutionProperties) = preSolution
		HideSolutionNode = FALSE
	EndGlobalSection
	GlobalSection(ExtensibilityGlobals) = postSolution
		SolutionGuid = {F54F6538-FE64-42E3-9509-AAAE591191D2}
	EndGlobalSection
EndGlobal
